<Solution>
  <!-- PicoDI -->
  <Folder Name="/PicoDI/benchmarks/">
    <Project Path="PicoDI/benchmarks/PicoDI.Benchmarks/PicoDI.Benchmarks.csproj" />
  </Folder>
  <Folder Name="/PicoDI/src/">
    <Project Path="PicoDI/src/PicoDI.Abs/PicoDI.Abs.csproj" />
    <Project Path="PicoDI/src/PicoDI/PicoDI.csproj" />
    <Project Path="PicoDI/src/PicoDI.Gen/PicoDI.Gen.csproj" />
  </Folder>
  <Folder Name="/PicoDI/tests/">
    <Project Path="PicoDI/tests/PicoDI.Test/PicoDI.Test.csproj" />
  </Folder>
  <Folder Name="/PicoDI/samples/">
    <Project Path="PicoDI/samples/PicoDI.Sample.Host/PicoDI.Sample.Host.csproj" />
    <Project Path="PicoDI/samples/PicoDI.Sample/PicoDI.Sample.csproj" />
    <Project Path="PicoDI/samples/PicoDI.Sample.Services/PicoDI.Sample.Services.csproj" />
  </Folder>

  <!-- PicoAop -->
  <Folder Name="/PicoAop/src/">
    <Project Path="PicoAop/src/PicoAop/PicoAop.csproj" />
    <Project Path="PicoAop/src/PicoAop.Abs/PicoAop.Abs.csproj" />
    <Project Path="PicoAop/src/PicoAop.Gen/PicoAop.Gen.csproj" />
    <Project Path="PicoAop/src/PicoAop.DI/PicoAop.DI.csproj" />
  </Folder>
  <Folder Name="/PicoAop/tests/">
    <Project Path="PicoAop/tests/PicoAop.Tests/PicoAop.Tests.csproj" />
  </Folder>
  <Folder Name="/PicoAop/benchmarks/">
    <Project Path="PicoAop/benchmarks/PicoAop.Benchmarks/PicoAop.Benchmarks.csproj" />
  </Folder>
  <Folder Name="/PicoAop/samples/">
    <Project Path="PicoAop/samples/PicoAop.Sample/PicoAop.Sample.csproj" />
  </Folder>

  <!-- PicoCfg -->
  <Folder Name="/PicoCfg/src/">
    <Project Path="PicoCfg/src/PicoCfg.Abs/PicoCfg.Abs.csproj" />
    <Project Path="PicoCfg/src/PicoCfg/PicoCfg.csproj" />
    <Project Path="PicoCfg/src/PicoCfg.DI/PicoCfg.DI.csproj" />
    <Project Path="PicoCfg/src/PicoCfg.Gen/PicoCfg.Gen.csproj" />
    <Project Path="PicoCfg/src/PicoCfg.Json/PicoCfg.Json.csproj" />
    <Project Path="PicoCfg/src/PicoCfg.Yaml/PicoCfg.Yaml.csproj" />
    <Project Path="PicoCfg/src/PicoCfg.Ini/PicoCfg.Ini.csproj" />
    <Project Path="PicoCfg/src/PicoCfg.Toml/PicoCfg.Toml.csproj" />
  </Folder>
  <Folder Name="/PicoCfg/benchmarks/">
    <Project Path="PicoCfg/benchmarks/PicoCfg.Benchmarks/PicoCfg.Benchmarks.csproj" />
  </Folder>
  <Folder Name="/PicoCfg/tests/">
    <Project Path="PicoCfg/tests/PicoCfg.Tests/PicoCfg.Tests.csproj" />
    <Project Path="PicoCfg/tests/PicoCfg.DI.Tests/PicoCfg.DI.Tests.csproj" />
    <Project Path="PicoCfg/tests/PicoCfg.Gen.Tests/PicoCfg.Gen.Tests.csproj" />
    <Project Path="PicoCfg/tests/PicoCfg.Json.Tests/PicoCfg.Json.Tests.csproj" />
    <Project Path="PicoCfg/tests/PicoCfg.Yaml.Tests/PicoCfg.Yaml.Tests.csproj" />
    <Project Path="PicoCfg/tests/PicoCfg.Ini.Tests/PicoCfg.Ini.Tests.csproj" />
    <Project Path="PicoCfg/tests/PicoCfg.Toml.Tests/PicoCfg.Toml.Tests.csproj" />
  </Folder>
  <Folder Name="/PicoCfg/samples/">
    <Project Path="PicoCfg/samples/PicoCfg.Sample/PicoCfg.Sample.csproj" />
    <Project Path="PicoCfg/samples/PicoCfg.DI.Sample/PicoCfg.DI.Sample.csproj" />
    <Project Path="PicoCfg/samples/PicoCfg.Gen.Sample/PicoCfg.Gen.Sample.csproj" />
    <Project Path="PicoCfg/samples/PicoCfg.Sample.SerDe/PicoCfg.Sample.SerDe.csproj" />
  </Folder>

  <!-- PicoLog -->
  <Folder Name="/PicoLog/benchmarks/">
    <Project Path="PicoLog/benchmarks/PicoLog.Benchmarks/PicoLog.Benchmarks.csproj" />
  </Folder>
  <Folder Name="/PicoLog/src/">
    <Project Path="PicoLog/src/PicoLog.Abs/PicoLog.Abs.csproj" />
    <Project Path="PicoLog/src/PicoLog/PicoLog.csproj" />
    <Project Path="PicoLog/src/PicoLog.DI/PicoLog.DI.csproj" />
    <Project Path="PicoLog/src/PicoLog.Gen/PicoLog.Gen.csproj" />
    <Project Path="PicoLog/src/PicoLog.Json/PicoLog.Json.csproj" />
  </Folder>
  <Folder Name="/PicoLog/tests/">
    <Project Path="PicoLog/tests/PicoLog.Tests/PicoLog.Tests.csproj" />
    <Project Path="PicoLog/tests/PicoLog.Json.Tests/PicoLog.Json.Tests.csproj" />
  </Folder>
  <Folder Name="/PicoLog/samples/">
    <Project Path="PicoLog/samples/PicoLog.Sample/PicoLog.Sample.csproj" />
    <Project Path="PicoLog/samples/PicoLog.Sample.SerDe/PicoLog.Sample.SerDe.csproj" />
  </Folder>

  <!-- PicoMediator -->
  <Folder Name="/PicoMediator/src/">
    <Project Path="PicoMediator/src/PicoMediator.Abs/PicoMediator.Abs.csproj" />
    <Project Path="PicoMediator/src/PicoMediator/PicoMediator.csproj" />
    <Project Path="PicoMediator/src/PicoMediator.Gen/PicoMediator.Gen.csproj" />
    <Project Path="PicoMediator/src/PicoMediator.DI/PicoMediator.DI.csproj" />
  </Folder>
  <Folder Name="/PicoMediator/tests/">
    <Project Path="PicoMediator/tests/PicoMediator.Tests/PicoMediator.Tests.csproj" />
    <Project Path="PicoMediator/tests/PicoMediator.IntegrationHandlers/PicoMediator.IntegrationHandlers.csproj" />
    <Project Path="PicoMediator/tests/PicoMediator.ProdCompile/PicoMediator.ProdCompile.csproj" />
  </Folder>
  <Folder Name="/PicoMediator/benchmarks/">
    <Project Path="PicoMediator/benchmarks/PicoMediator.Benchmarks/PicoMediator.Benchmarks.csproj" />
  </Folder>
  <Folder Name="/PicoMediator/samples/">
    <Project Path="PicoMediator/samples/PicoMediator.Sample/PicoMediator.Sample.csproj" />
  </Folder>
</Solution>
